// !$*UTF8*$!
{
	archiveVersion = 1;
	classes = {
	};
	objectVersion = 51;
	objects = {

/* Begin PBXBuildFile section */
		644C8B4D23A1339A0060D496 /* AppDelegate.swift in Sources */ = {isa = PBXBuildFile; fileRef = 644C8B4C23A1339A0060D496 /* AppDelegate.swift */; };
		644C8B4F23A1339A0060D496 /* AirportSearchController.swift in Sources */ = {isa = PBXBuildFile; fileRef = 644C8B4E23A1339A0060D496 /* AirportSearchController.swift */; };
		644C8B5223A1339A0060D496 /* Main.storyboard in Resources */ = {isa = PBXBuildFile; fileRef = 644C8B5023A1339A0060D496 /* Main.storyboard */; };
		644C8B5423A1339C0060D496 /* Assets.xcassets in Resources */ = {isa = PBXBuildFile; fileRef = 644C8B5323A1339C0060D496 /* Assets.xcassets */; };
		644C8B5723A1339C0060D496 /* LaunchScreen.storyboard in Resources */ = {isa = PBXBuildFile; fileRef = 644C8B5523A1339C0060D496 /* LaunchScreen.storyboard */; };
		644C8B6123A147800060D496 /* WebAPI.swift in Sources */ = {isa = PBXBuildFile; fileRef = 644C8B6023A147800060D496 /* WebAPI.swift */; };
		644C8B6423A1479D0060D496 /* Constants.swift in Sources */ = {isa = PBXBuildFile; fileRef = 644C8B6323A1479D0060D496 /* Constants.swift */; };
		644C8B6723A152720060D496 /* FetchAirportViewModel.swift in Sources */ = {isa = PBXBuildFile; fileRef = 644C8B6623A152720060D496 /* FetchAirportViewModel.swift */; };
		644C8B6923A152A00060D496 /* AirportDetailModel.swift in Sources */ = {isa = PBXBuildFile; fileRef = 644C8B6823A152A00060D496 /* AirportDetailModel.swift */; };
		644C8B6C23A15BBC0060D496 /* ActivityIndicator.swift in Sources */ = {isa = PBXBuildFile; fileRef = 644C8B6B23A15BBC0060D496 /* ActivityIndicator.swift */; };
		644C8B6E23A15EF50060D496 /* AlertClass.swift in Sources */ = {isa = PBXBuildFile; fileRef = 644C8B6D23A15EF50060D496 /* AlertClass.swift */; };
		644C8B7123A167270060D496 /* AirportDetailCell.swift in Sources */ = {isa = PBXBuildFile; fileRef = 644C8B7023A167270060D496 /* AirportDetailCell.swift */; };
		E477A1C42D19380BA776966E /* Pods_AirportSearch.framework in Frameworks */ = {isa = PBXBuildFile; fileRef = AA1569BAEDC53B54F2FC9AE2 /* Pods_AirportSearch.framework */; };
/* End PBXBuildFile section */

/* Begin PBXFileReference section */
		644C8B4923A1339A0060D496 /* AirportSearch.app */ = {isa = PBXFileReference; explicitFileType = wrapper.application; includeInIndex = 0; path = AirportSearch.app; sourceTree = BUILT_PRODUCTS_DIR; };
		644C8B4C23A1339A0060D496 /* AppDelegate.swift */ = {isa = PBXFileReference; lastKnownFileType = sourcecode.swift; path = AppDelegate.swift; sourceTree = "<group>"; };
		644C8B4E23A1339A0060D496 /* AirportSearchController.swift */ = {isa = PBXFileReference; lastKnownFileType = sourcecode.swift; path = AirportSearchController.swift; sourceTree = "<group>"; };
		644C8B5123A1339A0060D496 /* Base */ = {isa = PBXFileReference; lastKnownFileType = file.storyboard; name = Base; path = Base.lproj/Main.storyboard; sourceTree = "<group>"; };
		644C8B5323A1339C0060D496 /* Assets.xcassets */ = {isa = PBXFileReference; lastKnownFileType = folder.assetcatalog; path = Assets.xcassets; sourceTree = "<group>"; };
		644C8B5623A1339C0060D496 /* Base */ = {isa = PBXFileReference; lastKnownFileType = file.storyboard; name = Base; path = Base.lproj/LaunchScreen.storyboard; sourceTree = "<group>"; };
		644C8B5823A1339C0060D496 /* Info.plist */ = {isa = PBXFileReference; lastKnownFileType = text.plist.xml; path = Info.plist; sourceTree = "<group>"; };
		644C8B6023A147800060D496 /* WebAPI.swift */ = {isa = PBXFileReference; lastKnownFileType = sourcecode.swift; path = WebAPI.swift; sourceTree = "<group>"; };
		644C8B6323A1479D0060D496 /* Constants.swift */ = {isa = PBXFileReference; lastKnownFileType = sourcecode.swift; path = Constants.swift; sourceTree = "<group>"; };
		644C8B6623A152720060D496 /* FetchAirportViewModel.swift */ = {isa = PBXFileReference; lastKnownFileType = sourcecode.swift; path = FetchAirportViewModel.swift; sourceTree = "<group>"; };
		644C8B6823A152A00060D496 /* AirportDetailModel.swift */ = {isa = PBXFileReference; lastKnownFileType = sourcecode.swift; path = AirportDetailModel.swift; sourceTree = "<group>"; };
		644C8B6B23A15BBC0060D496 /* ActivityIndicator.swift */ = {isa = PBXFileReference; lastKnownFileType = sourcecode.swift; path = ActivityIndicator.swift; sourceTree = "<group>"; };
		644C8B6D23A15EF50060D496 /* AlertClass.swift */ = {isa = PBXFileReference; lastKnownFileType = sourcecode.swift; path = AlertClass.swift; sourceTree = "<group>"; };
		644C8B7023A167270060D496 /* AirportDetailCell.swift */ = {isa = PBXFileReference; lastKnownFileType = sourcecode.swift; path = AirportDetailCell.swift; sourceTree = "<group>"; };
		824E3143B5C1A482CD036531 /* Pods-AirportSearch.debug.xcconfig */ = {isa = PBXFileReference; includeInIndex = 1; lastKnownFileType = text.xcconfig; name = "Pods-AirportSearch.debug.xcconfig"; path = "Target Support Files/Pods-AirportSearch/Pods-AirportSearch.debug.xcconfig"; sourceTree = "<group>"; };
		AA1569BAEDC53B54F2FC9AE2 /* Pods_AirportSearch.framework */ = {isa = PBXFileReference; explicitFileType = wrapper.framework; includeInIndex = 0; path = Pods_AirportSearch.framework; sourceTree = BUILT_PRODUCTS_DIR; };
		BAE6A647ACD5B9961CBF213B /* Pods-AirportSearch.release.xcconfig */ = {isa = PBXFileReference; includeInIndex = 1; lastKnownFileType = text.xcconfig; name = "Pods-AirportSearch.release.xcconfig"; path = "Target Support Files/Pods-AirportSearch/Pods-AirportSearch.release.xcconfig"; sourceTree = "<group>"; };
/* End PBXFileReference section */

/* Begin PBXFrameworksBuildPhase section */
		644C8B4623A1339A0060D496 /* Frameworks */ = {
			isa = PBXFrameworksBuildPhase;
			buildActionMask = 2147483647;
			files = (
				E477A1C42D19380BA776966E /* Pods_AirportSearch.framework in Frameworks */,
			);
			runOnlyForDeploymentPostprocessing = 0;
		};
/* End PBXFrameworksBuildPhase section */

/* Begin PBXGroup section */
		644C8B4023A1339A0060D496 = {
			isa = PBXGroup;
			children = (
				644C8B4B23A1339A0060D496 /* AirportSearch */,
				644C8B4A23A1339A0060D496 /* Products */,
				9A44353FD3CDFCBE4BC62E4E /* Pods */,
				77180ABB726B2992D4A3213A /* Frameworks */,
			);
			sourceTree = "<group>";
		};
		644C8B4A23A1339A0060D496 /* Products */ = {
			isa = PBXGroup;
			children = (
				644C8B4923A1339A0060D496 /* AirportSearch.app */,
			);
			name = Products;
			sourceTree = "<group>";
		};
		644C8B4B23A1339A0060D496 /* AirportSearch */ = {
			isa = PBXGroup;
			children = (
				644C8B6F23A166ED0060D496 /* CustomView */,
				644C8B6A23A152BA0060D496 /* Model */,
				644C8B6523A1524E0060D496 /* ViewModel */,
				644C8B5F23A147450060D496 /* Services */,
				644C8B5E23A134000060D496 /* Controller */,
				644C8B4C23A1339A0060D496 /* AppDelegate.swift */,
				644C8B5023A1339A0060D496 /* Main.storyboard */,
				644C8B5323A1339C0060D496 /* Assets.xcassets */,
				644C8B5523A1339C0060D496 /* LaunchScreen.storyboard */,
				644C8B5823A1339C0060D496 /* Info.plist */,
			);
			path = AirportSearch;
			sourceTree = "<group>";
		};
		644C8B5E23A134000060D496 /* Controller */ = {
			isa = PBXGroup;
			children = (
				644C8B4E23A1339A0060D496 /* AirportSearchController.swift */,
			);
			path = Controller;
			sourceTree = "<group>";
		};
		644C8B5F23A147450060D496 /* Services */ = {
			isa = PBXGroup;
			children = (
				644C8B6023A147800060D496 /* WebAPI.swift */,
				644C8B6323A1479D0060D496 /* Constants.swift */,
			);
			path = Services;
			sourceTree = "<group>";
		};
		644C8B6523A1524E0060D496 /* ViewModel */ = {
			isa = PBXGroup;
			children = (
				644C8B6623A152720060D496 /* FetchAirportViewModel.swift */,
			);
			path = ViewModel;
			sourceTree = "<group>";
		};
		644C8B6A23A152BA0060D496 /* Model */ = {
			isa = PBXGroup;
			children = (
				644C8B6823A152A00060D496 /* AirportDetailModel.swift */,
			);
			path = Model;
			sourceTree = "<group>";
		};
		644C8B6F23A166ED0060D496 /* CustomView */ = {
			isa = PBXGroup;
			children = (
				644C8B6B23A15BBC0060D496 /* ActivityIndicator.swift */,
				644C8B6D23A15EF50060D496 /* AlertClass.swift */,
				644C8B7023A167270060D496 /* AirportDetailCell.swift */,
			);
			path = CustomView;
			sourceTree = "<group>";
		};
		77180ABB726B2992D4A3213A /* Frameworks */ = {
			isa = PBXGroup;
			children = (
				AA1569BAEDC53B54F2FC9AE2 /* Pods_AirportSearch.framework */,
			);
			name = Frameworks;
			sourceTree = "<group>";
		};
		9A44353FD3CDFCBE4BC62E4E /* Pods */ = {
			isa = PBXGroup;
			children = (
				824E3143B5C1A482CD036531 /* Pods-AirportSearch.debug.xcconfig */,
				BAE6A647ACD5B9961CBF213B /* Pods-AirportSearch.release.xcconfig */,
			);
			path = Pods;
			sourceTree = "<group>";
		};
/* End PBXGroup section */

/* Begin PBXNativeTarget section */
		644C8B4823A1339A0060D496 /* AirportSearch */ = {
			isa = PBXNativeTarget;
			buildConfigurationList = 644C8B5B23A1339C0060D496 /* Build configuration list for PBXNativeTarget "AirportSearch" */;
			buildPhases = (
				53DE6D0599EE95717625FEBF /* [CP] Check Pods Manifest.lock */,
				644C8B4523A1339A0060D496 /* Sources */,
				644C8B4623A1339A0060D496 /* Frameworks */,
				644C8B4723A1339A0060D496 /* Resources */,
				71B5B951E249299DF7C08FA2 /* [CP] Embed Pods Frameworks */,
			);
			buildRules = (
			);
			dependencies = (
			);
			name = AirportSearch;
			productName = AirportSearch;
			productReference = 644C8B4923A1339A0060D496 /* AirportSearch.app */;
			productType = "com.apple.product-type.application";
		};
/* End PBXNativeTarget section */

/* Begin PBXProject section */
		644C8B4123A1339A0060D496 /* Project object */ = {
			isa = PBXProject;
			attributes = {
				LastSwiftUpdateCheck = 1020;
				LastUpgradeCheck = 1020;
				ORGANIZATIONNAME = Naresh;
				TargetAttributes = {
					644C8B4823A1339A0060D496 = {
						CreatedOnToolsVersion = 10.2.1;
					};
				};
			};
			buildConfigurationList = 644C8B4423A1339A0060D496 /* Build configuration list for PBXProject "AirportSearch" */;
			compatibilityVersion = "Xcode 9.3";
			developmentRegion = en;
			hasScannedForEncodings = 0;
			knownRegions = (
				en,
				Base,
			);
			mainGroup = 644C8B4023A1339A0060D496;
			productRefGroup = 644C8B4A23A1339A0060D496 /* Products */;
			projectDirPath = "";
			projectRoot = "";
			targets = (
				644C8B4823A1339A0060D496 /* AirportSearch */,
			);
		};
/* End PBXProject section */

/* Begin PBXResourcesBuildPhase section */
		644C8B4723A1339A0060D496 /* Resources */ = {
			isa = PBXResourcesBuildPhase;
			buildActionMask = 2147483647;
			files = (
				644C8B5723A1339C0060D496 /* LaunchScreen.storyboard in Resources */,
				644C8B5423A1339C0060D496 /* Assets.xcassets in Resources */,
				644C8B5223A1339A0060D496 /* Main.storyboard in Resources */,
			);
			runOnlyForDeploymentPostprocessing = 0;
		};
/* End PBXResourcesBuildPhase section */

/* Begin PBXShellScriptBuildPhase section */
		53DE6D0599EE95717625FEBF /* [CP] Check Pods Manifest.lock */ = {
			isa = PBXShellScriptBuildPhase;
			buildActionMask = 2147483647;
			files = (
			);
			inputFileListPaths = (
			);
			inputPaths = (
				"${PODS_PODFILE_DIR_PATH}/Podfile.lock",
				"${PODS_ROOT}/Manifest.lock",
			);
			name = "[CP] Check Pods Manifest.lock";
			outputFileListPaths = (
			);
			outputPaths = (
				"$(DERIVED_FILE_DIR)/Pods-AirportSearch-checkManifestLockResult.txt",
			);
			runOnlyForDeploymentPostprocessing = 0;
			shellPath = /bin/sh;
			shellScript = "diff \"${PODS_PODFILE_DIR_PATH}/Podfile.lock\" \"${PODS_ROOT}/Manifest.lock\" > /dev/null\nif [ $? != 0 ] ; then\n    # print error to STDERR\n    echo \"error: The sandbox is not in sync with the Podfile.lock. Run 'pod install' or update your CocoaPods installation.\" >&2\n    exit 1\nfi\n# This output is used by Xcode 'outputs' to avoid re-running this script phase.\necho \"SUCCESS\" > \"${SCRIPT_OUTPUT_FILE_0}\"\n";
			showEnvVarsInLog = 0;
		};
		71B5B951E249299DF7C08FA2 /* [CP] Embed Pods Frameworks */ = {
			isa = PBXShellScriptBuildPhase;
			buildActionMask = 2147483647;
			files = (
			);
			inputFileListPaths = (
				"${PODS_ROOT}/Target Support Files/Pods-AirportSearch/Pods-AirportSearch-frameworks-${CONFIGURATION}-input-files.xcfilelist",
			);
			name = "[CP] Embed Pods Frameworks";
			outputFileListPaths = (
				"${PODS_ROOT}/Target Support Files/Pods-AirportSearch/Pods-AirportSearch-frameworks-${CONFIGURATION}-output-files.xcfilelist",
			);
			runOnlyForDeploymentPostprocessing = 0;
			shellPath = /bin/sh;
			shellScript = "\"${PODS_ROOT}/Target Support Files/Pods-AirportSearch/Pods-AirportSearch-frameworks.sh\"\n";
			showEnvVarsInLog = 0;
		};
/* End PBXShellScriptBuildPhase section */

/* Begin PBXSourcesBuildPhase section */
		644C8B4523A1339A0060D496 /* Sources */ = {
			isa = PBXSourcesBuildPhase;
			buildActionMask = 2147483647;
			files = (
				644C8B6723A152720060D496 /* FetchAirportViewModel.swift in Sources */,
				644C8B6E23A15EF50060D496 /* AlertClass.swift in Sources */,
				644C8B7123A167270060D496 /* AirportDetailCell.swift in Sources */,
				644C8B4F23A1339A0060D496 /* AirportSearchController.swift in Sources */,
				644C8B6123A147800060D496 /* WebAPI.swift in Sources */,
				644C8B4D23A1339A0060D496 /* AppDelegate.swift in Sources */,
				644C8B6C23A15BBC0060D496 /* ActivityIndicator.swift in Sources */,
				644C8B6923A152A00060D496 /* AirportDetailModel.swift in Sources */,
				644C8B6423A1479D0060D496 /* Constants.swift in Sources */,
			);
			runOnlyForDeploymentPostprocessing = 0;
		};
/* End PBXSourcesBuildPhase section */

/* Begin PBXVariantGroup section */
		644C8B5023A1339A0060D496 /* Main.storyboard */ = {
			isa = PBXVariantGroup;
			children = (
				644C8B5123A1339A0060D496 /* Base */,
			);
			name = Main.storyboard;
			sourceTree = "<group>";
		};
		644C8B5523A1339C0060D496 /* LaunchScreen.storyboard */ = {
			isa = PBXVariantGroup;
			children = (
				644C8B5623A1339C0060D496 /* Base */,
			);
			name = LaunchScreen.storyboard;
			sourceTree = "<group>";
		};
/* End PBXVariantGroup section */

/* Begin XCBuildConfiguration section */
		644C8B5923A1339C0060D496 /* Debug */ = {
			isa = XCBuildConfiguration;
			buildSettings = {
				ALWAYS_SEARCH_USER_PATHS = NO;
				CLANG_ANALYZER_NONNULL = YES;
				CLANG_ANALYZER_NUMBER_OBJECT_CONVERSION = YES_AGGRESSIVE;
				CLANG_CXX_LANGUAGE_STANDARD = "gnu++14";
				CLANG_CXX_LIBRARY = "libc++";
				CLANG_ENABLE_MODULES = YES;
				CLANG_ENABLE_OBJC_ARC = YES;
				CLANG_ENABLE_OBJC_WEAK = YES;
				CLANG_WARN_BLOCK_CAPTURE_AUTORELEASING = YES;
				CLANG_WARN_BOOL_CONVERSION = YES;
				CLANG_WARN_COMMA = YES;
				CLANG_WARN_CONSTANT_CONVERSION = YES;
				CLANG_WARN_DEPRECATED_OBJC_IMPLEMENTATIONS = YES;
				CLANG_WARN_DIRECT_OBJC_ISA_USAGE = YES_ERROR;
				CLANG_WARN_DOCUMENTATION_COMMENTS = YES;
				CLANG_WARN_EMPTY_BODY = YES;
				CLANG_WARN_ENUM_CONVERSION = YES;
				CLANG_WARN_INFINITE_RECURSION = YES;
				CLANG_WARN_INT_CONVERSION = YES;
				CLANG_WARN_NON_LITERAL_NULL_CONVERSION = YES;
				CLANG_WARN_OBJC_IMPLICIT_RETAIN_SELF = YES;
				CLANG_WARN_OBJC_LITERAL_CONVERSION = YES;
				CLANG_WARN_OBJC_ROOT_CLASS = YES_ERROR;
				CLANG_WARN_RANGE_LOOP_ANALYSIS = YES;
				CLANG_WARN_STRICT_PROTOTYPES = YES;
				CLANG_WARN_SUSPICIOUS_MOVE = YES;
				CLANG_WARN_UNGUARDED_AVAILABILITY = YES_AGGRESSIVE;
				CLANG_WARN_UNREACHABLE_CODE = YES;
				CLANG_WARN__DUPLICATE_METHOD_MATCH = YES;
				CODE_SIGN_IDENTITY = "iPhone Developer";
				COPY_PHASE_STRIP = NO;
				DEBUG_INFORMATION_FORMAT = dwarf;
				ENABLE_STRICT_OBJC_MSGSEND = YES;
				ENABLE_TESTABILITY = YES;
				GCC_C_LANGUAGE_STANDARD = gnu11;
				GCC_DYNAMIC_NO_PIC = NO;
				GCC_NO_COMMON_BLOCKS = YES;
				GCC_OPTIMIZATION_LEVEL = 0;
				GCC_PREPROCESSOR_DEFINITIONS = (
					"DEBUG=1",
					"$(inherited)",
				);
				GCC_WARN_64_TO_32_BIT_CONVERSION = YES;
				GCC_WARN_ABOUT_RETURN_TYPE = YES_ERROR;
				GCC_WARN_UNDECLARED_SELECTOR = YES;
				GCC_WARN_UNINITIALIZED_AUTOS = YES_AGGRESSIVE;
				GCC_WARN_UNUSED_FUNCTION = YES;
				GCC_WARN_UNUSED_VARIABLE = YES;
				IPHONEOS_DEPLOYMENT_TARGET = 12.2;
				MTL_ENABLE_DEBUG_INFO = INCLUDE_SOURCE;
				MTL_FAST_MATH = YES;
				ONLY_ACTIVE_ARCH = YES;
				SDKROOT = iphoneos;
				SWIFT_ACTIVE_COMPILATION_CONDITIONS = DEBUG;
				SWIFT_OPTIMIZATION_LEVEL = "-Onone";
			};
			name = Debug;
		};
		644C8B5A23A1339C0060D496 /* Release */ = {
			isa = XCBuildConfiguration;
			buildSettings = {
				ALWAYS_SEARCH_USER_PATHS = NO;
				CLANG_ANALYZER_NONNULL = YES;
				CLANG_ANALYZER_NUMBER_OBJECT_CONVERSION = YES_AGGRESSIVE;
				CLANG_CXX_LANGUAGE_STANDARD = "gnu++14";
				CLANG_CXX_LIBRARY = "libc++";
				CLANG_ENABLE_MODULES = YES;
				CLANG_ENABLE_OBJC_ARC = YES;
				CLANG_ENABLE_OBJC_WEAK = YES;
				CLANG_WARN_BLOCK_CAPTURE_AUTORELEASING = YES;
				CLANG_WARN_BOOL_CONVERSION = YES;
				CLANG_WARN_COMMA = YES;
				CLANG_WARN_CONSTANT_CONVERSION = YES;
				CLANG_WARN_DEPRECATED_OBJC_IMPLEMENTATIONS = YES;
				CLANG_WARN_DIRECT_OBJC_ISA_USAGE = YES_ERROR;
				CLANG_WARN_DOCUMENTATION_COMMENTS = YES;
				CLANG_WARN_EMPTY_BODY = YES;
				CLANG_WARN_ENUM_CONVERSION = YES;
				CLANG_WARN_INFINITE_RECURSION = YES;
				CLANG_WARN_INT_CONVERSION = YES;
				CLANG_WARN_NON_LITERAL_NULL_CONVERSION = YES;
				CLANG_WARN_OBJC_IMPLICIT_RETAIN_SELF = YES;
				CLANG_WARN_OBJC_LITERAL_CONVERSION = YES;
				CLANG_WARN_OBJC_ROOT_CLASS = YES_ERROR;
				CLANG_WARN_RANGE_LOOP_ANALYSIS = YES;
				CLANG_WARN_STRICT_PROTOTYPES = YES;
				CLANG_WARN_SUSPICIOUS_MOVE = YES;
				CLANG_WARN_UNGUARDED_AVAILABILITY = YES_AGGRESSIVE;
				CLANG_WARN_UNREACHABLE_CODE = YES;
				CLANG_WARN__DUPLICATE_METHOD_MATCH = YES;
				CODE_SIGN_IDENTITY = "iPhone Developer";
				COPY_PHASE_STRIP = NO;
				DEBUG_INFORMATION_FORMAT = "dwarf-with-dsym";
				ENABLE_NS_ASSERTIONS = NO;
				ENABLE_STRICT_OBJC_MSGSEND = YES;
				GCC_C_LANGUAGE_STANDARD = gnu11;
				GCC_NO_COMMON_BLOCKS = YES;
				GCC_WARN_64_TO_32_BIT_CONVERSION = YES;
				GCC_WARN_ABOUT_RETURN_TYPE = YES_ERROR;
				GCC_WARN_UNDECLARED_SELECTOR = YES;
				GCC_WARN_UNINITIALIZED_AUTOS = YES_AGGRESSIVE;
				GCC_WARN_UNUSED_FUNCTION = YES;
				GCC_WARN_UNUSED_VARIABLE = YES;
				IPHONEOS_DEPLOYMENT_TARGET = 12.2;
				MTL_ENABLE_DEBUG_INFO = NO;
				MTL_FAST_MATH = YES;
				SDKROOT = iphoneos;
				SWIFT_COMPILATION_MODE = wholemodule;
				SWIFT_OPTIMIZATION_LEVEL = "-O";
				VALIDATE_PRODUCT = YES;
			};
			name = Release;
		};
		644C8B5C23A1339C0060D496 /* Debug */ = {
			isa = XCBuildConfiguration;
			baseConfigurationReference = 824E3143B5C1A482CD036531 /* Pods-AirportSearch.debug.xcconfig */;
			buildSettings = {
				ASSETCATALOG_COMPILER_APPICON_NAME = AppIcon;
				CODE_SIGN_STYLE = Automatic;
				INFOPLIST_FILE = AirportSearch/Info.plist;
				LD_RUNPATH_SEARCH_PATHS = (
					"$(inherited)",
					"@executable_path/Frameworks",
				);
				PRODUCT_BUNDLE_IDENTIFIER = test.ios.AirportSearch;
				PRODUCT_NAME = "$(TARGET_NAME)";
				SWIFT_VERSION = 5.0;
				TARGETED_DEVICE_FAMILY = "1,2";
			};
			name = Debug;
		};
		644C8B5D23A1339C0060D496 /* Release */ = {
			isa = XCBuildConfiguration;
			baseConfigurationReference = BAE6A647ACD5B9961CBF213B /* Pods-AirportSearch.release.xcconfig */;
			buildSettings = {
				ASSETCATALOG_COMPILER_APPICON_NAME = AppIcon;
				CODE_SIGN_STYLE = Automatic;
				INFOPLIST_FILE = AirportSearch/Info.plist;
				LD_RUNPATH_SEARCH_PATHS = (
					"$(inherited)",
					"@executable_path/Frameworks",
				);
				PRODUCT_BUNDLE_IDENTIFIER = test.ios.AirportSearch;
				PRODUCT_NAME = "$(TARGET_NAME)";
				SWIFT_VERSION = 5.0;
				TARGETED_DEVICE_FAMILY = "1,2";
			};
			name = Release;
		};
/* End XCBuildConfiguration section */

/* Begin XCConfigurationList section */
		644C8B4423A1339A0060D496 /* Build configuration list for PBXProject "AirportSearch" */ = {
			isa = XCConfigurationList;
			buildConfigurations = (
				644C8B5923A1339C0060D496 /* Debug */,
				644C8B5A23A1339C0060D496 /* Release */,
			);
			defaultConfigurationIsVisible = 0;
			defaultConfigurationName = Release;
		};
		644C8B5B23A1339C0060D496 /* Build configuration list for PBXNativeTarget "AirportSearch" */ = {
			isa = XCConfigurationList;
			buildConfigurations = (
				644C8B5C23A1339C0060D496 /* Debug */,
				644C8B5D23A1339C0060D496 /* Release */,
			);
			defaultConfigurationIsVisible = 0;
			defaultConfigurationName = Release;
		};
/* End XCConfigurationList section */
	};
	rootObject = 644C8B4123A1339A0060D496 /* Project object */;
}
